
Microsoft Visual Studio Solution File, Format Version 12.00
# Visual Studio Version 17
VisualStudioVersion = 17.9.34728.123
MinimumVisualStudioVersion = 10.0.40219.1
Project("{FAE04EC0-301F-11D3-BF4B-00C04F79EFBC}") = "lab_2", "lab_2\lab_2.csproj", "{22AD2D6B-354A-4B92-BC61-AF7CDCC68435}"
EndProject
Global
	GlobalSection(SolutionConfigurationPlatforms) = preSolution
		Debug|Any CPU = Debug|Any CPU
		Release|Any CPU = Release|Any CPU
	EndGlobalSection
	GlobalSection(ProjectConfigurationPlatforms) = postSolution
		{22AD2D6B-354A-4B92-BC61-AF7CDCC68435}.Debug|Any CPU.ActiveCfg = Debug|Any CPU
		{22AD2D6B-354A-4B92-BC61-AF7CDCC68435}.Debug|Any CPU.Build.0 = Debug|Any CPU
		{22AD2D6B-354A-4B92-BC61-AF7CDCC68435}.Release|Any CPU.ActiveCfg = Release|Any CPU
		{22AD2D6B-354A-4B92-BC61-AF7CDCC68435}.Release|Any CPU.Build.0 = Release|Any CPU
	EndGlobalSection
	GlobalSection(SolutionProperties) = preSolution
		HideSolutionNode = FALSE
	EndGlobalSection
	GlobalSection(ExtensibilityGlobals) = postSolution
		SolutionGuid = {0653B335-1C7F-497B-BCBB-1EE6DFF35359}
	EndGlobalSection
EndGlobal
